// !$*UTF8*$!
{
	archiveVersion = 1;
	classes = {
	};
	objectVersion = 56;
	objects = {

/* Begin PBXBuildFile section */
		5BB1114A888B1F7BEF41A2C7 /* Pods_FirebaseChatTests.framework in Frameworks */ = {isa = PBXBuildFile; fileRef = B6139ABFA8837F2A7A55F332 /* Pods_FirebaseChatTests.framework */; };
		B403FFB82A31101E00536AE6 /* Message.swift in Sources */ = {isa = PBXBuildFile; fileRef = B403FFB72A31101E00536AE6 /* Message.swift */; };
		B403FFBA2A31124300536AE6 /* Constants.swift in Sources */ = {isa = PBXBuildFile; fileRef = B403FFB92A31124300536AE6 /* Constants.swift */; };
		B403FFBC2A3114B600536AE6 /* ChatController.swift in Sources */ = {isa = PBXBuildFile; fileRef = B403FFBB2A3114B600536AE6 /* ChatController.swift */; };
		B461B9E42A2523DE00C7D86F /* NewMessageController.swift in Sources */ = {isa = PBXBuildFile; fileRef = B461B9E32A2523DE00C7D86F /* NewMessageController.swift */; };
		B461B9E62A25285600C7D86F /* UserCell.swift in Sources */ = {isa = PBXBuildFile; fileRef = B461B9E52A25285600C7D86F /* UserCell.swift */; };
		B461B9E82A252D9600C7D86F /* User.swift in Sources */ = {isa = PBXBuildFile; fileRef = B461B9E72A252D9600C7D86F /* User.swift */; };
		B461B9EA2A252E2800C7D86F /* Service.swift in Sources */ = {isa = PBXBuildFile; fileRef = B461B9E92A252E2800C7D86F /* Service.swift */; };
		B476D3C82A227102008242E2 /* GoogleService-Info.plist in Resources */ = {isa = PBXBuildFile; fileRef = B476D3C72A227102008242E2 /* GoogleService-Info.plist */; };
		B47D7FE72A22BC9700C6DEFA /* AuthService.swift in Sources */ = {isa = PBXBuildFile; fileRef = B47D7FE62A22BC9700C6DEFA /* AuthService.swift */; };
		B4A292832A324ADC00D0085A /* MessageCell.swift in Sources */ = {isa = PBXBuildFile; fileRef = B4A292822A324ADC00D0085A /* MessageCell.swift */; };
		B4A292852A3254C400D0085A /* MessageViewModel.swift in Sources */ = {isa = PBXBuildFile; fileRef = B4A292842A3254C400D0085A /* MessageViewModel.swift */; };
		B4CE33142A211ABF0081AE7E /* ConversationCell.swift in Sources */ = {isa = PBXBuildFile; fileRef = B4CE33132A211ABF0081AE7E /* ConversationCell.swift */; };
		B4CE33172A211F380081AE7E /* LoginController.swift in Sources */ = {isa = PBXBuildFile; fileRef = B4CE33162A211F380081AE7E /* LoginController.swift */; };
		B4CE33192A211F4B0081AE7E /* RegistrationController.swift in Sources */ = {isa = PBXBuildFile; fileRef = B4CE33182A211F4B0081AE7E /* RegistrationController.swift */; };
		B4CE331B2A2121ED0081AE7E /* CustomTextField.swift in Sources */ = {isa = PBXBuildFile; fileRef = B4CE331A2A2121ED0081AE7E /* CustomTextField.swift */; };
		B4CE331D2A2122A70081AE7E /* InputContainerView.swift in Sources */ = {isa = PBXBuildFile; fileRef = B4CE331C2A2122A70081AE7E /* InputContainerView.swift */; };
		B4CE331F2A2127C40081AE7E /* LoginViewModel.swift in Sources */ = {isa = PBXBuildFile; fileRef = B4CE331E2A2127C40081AE7E /* LoginViewModel.swift */; };
		B4CE33212A2127CC0081AE7E /* RegistrationViewModel.swift in Sources */ = {isa = PBXBuildFile; fileRef = B4CE33202A2127CC0081AE7E /* RegistrationViewModel.swift */; };
		B4D12A382A201D4400A7681C /* AppDelegate.swift in Sources */ = {isa = PBXBuildFile; fileRef = B4D12A372A201D4400A7681C /* AppDelegate.swift */; };
		B4D12A3A2A201D4400A7681C /* SceneDelegate.swift in Sources */ = {isa = PBXBuildFile; fileRef = B4D12A392A201D4400A7681C /* SceneDelegate.swift */; };
		B4D12A3C2A201D4400A7681C /* ViewController.swift in Sources */ = {isa = PBXBuildFile; fileRef = B4D12A3B2A201D4400A7681C /* ViewController.swift */; };
		B4D12A3F2A201D4400A7681C /* Main.storyboard in Resources */ = {isa = PBXBuildFile; fileRef = B4D12A3D2A201D4400A7681C /* Main.storyboard */; };
		B4D12A412A201D4600A7681C /* Assets.xcassets in Resources */ = {isa = PBXBuildFile; fileRef = B4D12A402A201D4600A7681C /* Assets.xcassets */; };
		B4D12A442A201D4600A7681C /* LaunchScreen.storyboard in Resources */ = {isa = PBXBuildFile; fileRef = B4D12A422A201D4600A7681C /* LaunchScreen.storyboard */; };
		B4D12A4F2A201D4600A7681C /* FirebaseChatTests.swift in Sources */ = {isa = PBXBuildFile; fileRef = B4D12A4E2A201D4600A7681C /* FirebaseChatTests.swift */; };
		B4D12A592A201D4700A7681C /* FirebaseChatUITests.swift in Sources */ = {isa = PBXBuildFile; fileRef = B4D12A582A201D4700A7681C /* FirebaseChatUITests.swift */; };
		B4D12A5B2A201D4700A7681C /* FirebaseChatUITestsLaunchTests.swift in Sources */ = {isa = PBXBuildFile; fileRef = B4D12A5A2A201D4700A7681C /* FirebaseChatUITestsLaunchTests.swift */; };
		B4D12A6D2A201E1600A7681C /* Extensions.swift in Sources */ = {isa = PBXBuildFile; fileRef = B4D12A6C2A201E1600A7681C /* Extensions.swift */; };
		B4D12A722A201EE800A7681C /* ConversationsController.swift in Sources */ = {isa = PBXBuildFile; fileRef = B4D12A712A201EE800A7681C /* ConversationsController.swift */; };
		B4D9844D2A3125D600F4D5DE /* CustomInputAccessoryView.swift in Sources */ = {isa = PBXBuildFile; fileRef = B4D9844C2A3125D600F4D5DE /* CustomInputAccessoryView.swift */; };
		BA4DA2088B3ED6129CEDE4D5 /* Pods_FirebaseChat_FirebaseChatUITests.framework in Frameworks */ = {isa = PBXBuildFile; fileRef = 1E971F3540215847B1B125B6 /* Pods_FirebaseChat_FirebaseChatUITests.framework */; };
		DD94018004481042FB398C1B /* Pods_FirebaseChat.framework in Frameworks */ = {isa = PBXBuildFile; fileRef = 5AB3597F610EAAE2709163A2 /* Pods_FirebaseChat.framework */; };
/* End PBXBuildFile section */

/* Begin PBXContainerItemProxy section */
		B4D12A4B2A201D4600A7681C /* PBXContainerItemProxy */ = {
			isa = PBXContainerItemProxy;
			containerPortal = B4D12A2C2A201D4400A7681C /* Project object */;
			proxyType = 1;
			remoteGlobalIDString = B4D12A332A201D4400A7681C;
			remoteInfo = FirebaseChat;
		};
		B4D12A552A201D4600A7681C /* PBXContainerItemProxy */ = {
			isa = PBXContainerItemProxy;
			containerPortal = B4D12A2C2A201D4400A7681C /* Project object */;
			proxyType = 1;
			remoteGlobalIDString = B4D12A332A201D4400A7681C;
			remoteInfo = FirebaseChat;
		};
/* End PBXContainerItemProxy section */

/* Begin PBXFileReference section */
		01E25F0CB4B28123022C6B0F /* Pods-FirebaseChat.debug.xcconfig */ = {isa = PBXFileReference; includeInIndex = 1; lastKnownFileType = text.xcconfig; name = "Pods-FirebaseChat.debug.xcconfig"; path = "Target Support Files/Pods-FirebaseChat/Pods-FirebaseChat.debug.xcconfig"; sourceTree = "<group>"; };
		061A17E9C39969F92F3D3E05 /* Pods-FirebaseChatTests.release.xcconfig */ = {isa = PBXFileReference; includeInIndex = 1; lastKnownFileType = text.xcconfig; name = "Pods-FirebaseChatTests.release.xcconfig"; path = "Target Support Files/Pods-FirebaseChatTests/Pods-FirebaseChatTests.release.xcconfig"; sourceTree = "<group>"; };
		1E971F3540215847B1B125B6 /* Pods_FirebaseChat_FirebaseChatUITests.framework */ = {isa = PBXFileReference; explicitFileType = wrapper.framework; includeInIndex = 0; path = Pods_FirebaseChat_FirebaseChatUITests.framework; sourceTree = BUILT_PRODUCTS_DIR; };
		493DD3C5C60A3F6F78579B4C /* Pods-FirebaseChat-FirebaseChatUITests.debug.xcconfig */ = {isa = PBXFileReference; includeInIndex = 1; lastKnownFileType = text.xcconfig; name = "Pods-FirebaseChat-FirebaseChatUITests.debug.xcconfig"; path = "Target Support Files/Pods-FirebaseChat-FirebaseChatUITests/Pods-FirebaseChat-FirebaseChatUITests.debug.xcconfig"; sourceTree = "<group>"; };
		5AB3597F610EAAE2709163A2 /* Pods_FirebaseChat.framework */ = {isa = PBXFileReference; explicitFileType = wrapper.framework; includeInIndex = 0; path = Pods_FirebaseChat.framework; sourceTree = BUILT_PRODUCTS_DIR; };
		75BC1A87E0AFA8EB9CD620C0 /* Pods-FirebaseChatTests.debug.xcconfig */ = {isa = PBXFileReference; includeInIndex = 1; lastKnownFileType = text.xcconfig; name = "Pods-FirebaseChatTests.debug.xcconfig"; path = "Target Support Files/Pods-FirebaseChatTests/Pods-FirebaseChatTests.debug.xcconfig"; sourceTree = "<group>"; };
		8B99CC708F97CA94FD035464 /* Pods-FirebaseChat-FirebaseChatUITests.release.xcconfig */ = {isa = PBXFileReference; includeInIndex = 1; lastKnownFileType = text.xcconfig; name = "Pods-FirebaseChat-FirebaseChatUITests.release.xcconfig"; path = "Target Support Files/Pods-FirebaseChat-FirebaseChatUITests/Pods-FirebaseChat-FirebaseChatUITests.release.xcconfig"; sourceTree = "<group>"; };
		B403FFB72A31101E00536AE6 /* Message.swift */ = {isa = PBXFileReference; lastKnownFileType = sourcecode.swift; path = Message.swift; sourceTree = "<group>"; };
		B403FFB92A31124300536AE6 /* Constants.swift */ = {isa = PBXFileReference; lastKnownFileType = sourcecode.swift; path = Constants.swift; sourceTree = "<group>"; };
		B403FFBB2A3114B600536AE6 /* ChatController.swift */ = {isa = PBXFileReference; lastKnownFileType = sourcecode.swift; path = ChatController.swift; sourceTree = "<group>"; };
		B461B9E32A2523DE00C7D86F /* NewMessageController.swift */ = {isa = PBXFileReference; lastKnownFileType = sourcecode.swift; path = NewMessageController.swift; sourceTree = "<group>"; };
		B461B9E52A25285600C7D86F /* UserCell.swift */ = {isa = PBXFileReference; lastKnownFileType = sourcecode.swift; path = UserCell.swift; sourceTree = "<group>"; };
		B461B9E72A252D9600C7D86F /* User.swift */ = {isa = PBXFileReference; lastKnownFileType = sourcecode.swift; path = User.swift; sourceTree = "<group>"; };
		B461B9E92A252E2800C7D86F /* Service.swift */ = {isa = PBXFileReference; lastKnownFileType = sourcecode.swift; path = Service.swift; sourceTree = "<group>"; };
		B476D3C72A227102008242E2 /* GoogleService-Info.plist */ = {isa = PBXFileReference; fileEncoding = 4; lastKnownFileType = text.plist.xml; path = "GoogleService-Info.plist"; sourceTree = "<group>"; };
		B47D7FE62A22BC9700C6DEFA /* AuthService.swift */ = {isa = PBXFileReference; lastKnownFileType = sourcecode.swift; path = AuthService.swift; sourceTree = "<group>"; };
		B4A292822A324ADC00D0085A /* MessageCell.swift */ = {isa = PBXFileReference; lastKnownFileType = sourcecode.swift; path = MessageCell.swift; sourceTree = "<group>"; };
		B4A292842A3254C400D0085A /* MessageViewModel.swift */ = {isa = PBXFileReference; lastKnownFileType = sourcecode.swift; path = MessageViewModel.swift; sourceTree = "<group>"; };
		B4CE33132A211ABF0081AE7E /* ConversationCell.swift */ = {isa = PBXFileReference; lastKnownFileType = sourcecode.swift; path = ConversationCell.swift; sourceTree = "<group>"; };
		B4CE33162A211F380081AE7E /* LoginController.swift */ = {isa = PBXFileReference; lastKnownFileType = sourcecode.swift; path = LoginController.swift; sourceTree = "<group>"; };
		B4CE33182A211F4B0081AE7E /* RegistrationController.swift */ = {isa = PBXFileReference; lastKnownFileType = sourcecode.swift; path = RegistrationController.swift; sourceTree = "<group>"; };
		B4CE331A2A2121ED0081AE7E /* CustomTextField.swift */ = {isa = PBXFileReference; fileEncoding = 4; lastKnownFileType = sourcecode.swift; path = CustomTextField.swift; sourceTree = "<group>"; };
		B4CE331C2A2122A70081AE7E /* InputContainerView.swift */ = {isa = PBXFileReference; fileEncoding = 4; lastKnownFileType = sourcecode.swift; path = InputContainerView.swift; sourceTree = "<group>"; };
		B4CE331E2A2127C40081AE7E /* LoginViewModel.swift */ = {isa = PBXFileReference; fileEncoding = 4; lastKnownFileType = sourcecode.swift; path = LoginViewModel.swift; sourceTree = "<group>"; };
		B4CE33202A2127CC0081AE7E /* RegistrationViewModel.swift */ = {isa = PBXFileReference; fileEncoding = 4; lastKnownFileType = sourcecode.swift; path = RegistrationViewModel.swift; sourceTree = "<group>"; };
		B4D12A342A201D4400A7681C /* FirebaseChat.app */ = {isa = PBXFileReference; explicitFileType = wrapper.application; includeInIndex = 0; path = FirebaseChat.app; sourceTree = BUILT_PRODUCTS_DIR; };
		B4D12A372A201D4400A7681C /* AppDelegate.swift */ = {isa = PBXFileReference; lastKnownFileType = sourcecode.swift; path = AppDelegate.swift; sourceTree = "<group>"; };
		B4D12A392A201D4400A7681C /* SceneDelegate.swift */ = {isa = PBXFileReference; lastKnownFileType = sourcecode.swift; path = SceneDelegate.swift; sourceTree = "<group>"; };
		B4D12A3B2A201D4400A7681C /* ViewController.swift */ = {isa = PBXFileReference; lastKnownFileType = sourcecode.swift; path = ViewController.swift; sourceTree = "<group>"; };
		B4D12A3E2A201D4400A7681C /* Base */ = {isa = PBXFileReference; lastKnownFileType = file.storyboard; name = Base; path = Base.lproj/Main.storyboard; sourceTree = "<group>"; };
		B4D12A402A201D4600A7681C /* Assets.xcassets */ = {isa = PBXFileReference; lastKnownFileType = folder.assetcatalog; path = Assets.xcassets; sourceTree = "<group>"; };
		B4D12A432A201D4600A7681C /* Base */ = {isa = PBXFileReference; lastKnownFileType = file.storyboard; name = Base; path = Base.lproj/LaunchScreen.storyboard; sourceTree = "<group>"; };
		B4D12A452A201D4600A7681C /* Info.plist */ = {isa = PBXFileReference; lastKnownFileType = text.plist.xml; path = Info.plist; sourceTree = "<group>"; };
		B4D12A4A2A201D4600A7681C /* FirebaseChatTests.xctest */ = {isa = PBXFileReference; explicitFileType = wrapper.cfbundle; includeInIndex = 0; path = FirebaseChatTests.xctest; sourceTree = BUILT_PRODUCTS_DIR; };
		B4D12A4E2A201D4600A7681C /* FirebaseChatTests.swift */ = {isa = PBXFileReference; lastKnownFileType = sourcecode.swift; path = FirebaseChatTests.swift; sourceTree = "<group>"; };
		B4D12A542A201D4600A7681C /* FirebaseChatUITests.xctest */ = {isa = PBXFileReference; explicitFileType = wrapper.cfbundle; includeInIndex = 0; path = FirebaseChatUITests.xctest; sourceTree = BUILT_PRODUCTS_DIR; };
		B4D12A582A201D4700A7681C /* FirebaseChatUITests.swift */ = {isa = PBXFileReference; lastKnownFileType = sourcecode.swift; path = FirebaseChatUITests.swift; sourceTree = "<group>"; };
		B4D12A5A2A201D4700A7681C /* FirebaseChatUITestsLaunchTests.swift */ = {isa = PBXFileReference; lastKnownFileType = sourcecode.swift; path = FirebaseChatUITestsLaunchTests.swift; sourceTree = "<group>"; };
		B4D12A6C2A201E1600A7681C /* Extensions.swift */ = {isa = PBXFileReference; fileEncoding = 4; lastKnownFileType = sourcecode.swift; path = Extensions.swift; sourceTree = "<group>"; };
		B4D12A712A201EE800A7681C /* ConversationsController.swift */ = {isa = PBXFileReference; lastKnownFileType = sourcecode.swift; path = ConversationsController.swift; sourceTree = "<group>"; };
		B4D9844C2A3125D600F4D5DE /* CustomInputAccessoryView.swift */ = {isa = PBXFileReference; lastKnownFileType = sourcecode.swift; path = CustomInputAccessoryView.swift; sourceTree = "<group>"; };
		B6139ABFA8837F2A7A55F332 /* Pods_FirebaseChatTests.framework */ = {isa = PBXFileReference; explicitFileType = wrapper.framework; includeInIndex = 0; path = Pods_FirebaseChatTests.framework; sourceTree = BUILT_PRODUCTS_DIR; };
		C4449EFE77C1DEF43A5C3510 /* Pods-FirebaseChat.release.xcconfig */ = {isa = PBXFileReference; includeInIndex = 1; lastKnownFileType = text.xcconfig; name = "Pods-FirebaseChat.release.xcconfig"; path = "Target Support Files/Pods-FirebaseChat/Pods-FirebaseChat.release.xcconfig"; sourceTree = "<group>"; };
/* End PBXFileReference section */

/* Begin PBXFrameworksBuildPhase section */
		B4D12A312A201D4400A7681C /* Frameworks */ = {
			isa = PBXFrameworksBuildPhase;
			buildActionMask = 2147483647;
			files = (
				DD94018004481042FB398C1B /* Pods_FirebaseChat.framework in Frameworks */,
			);
			runOnlyForDeploymentPostprocessing = 0;
		};
		B4D12A472A201D4600A7681C /* Frameworks */ = {
			isa = PBXFrameworksBuildPhase;
			buildActionMask = 2147483647;
			files = (
				5BB1114A888B1F7BEF41A2C7 /* Pods_FirebaseChatTests.framework in Frameworks */,
			);
			runOnlyForDeploymentPostprocessing = 0;
		};
		B4D12A512A201D4600A7681C /* Frameworks */ = {
			isa = PBXFrameworksBuildPhase;
			buildActionMask = 2147483647;
			files = (
				BA4DA2088B3ED6129CEDE4D5 /* Pods_FirebaseChat_FirebaseChatUITests.framework in Frameworks */,
			);
			runOnlyForDeploymentPostprocessing = 0;
		};
/* End PBXFrameworksBuildPhase section */

/* Begin PBXGroup section */
		7B32A7271F1D0D66D071793F /* Pods */ = {
			isa = PBXGroup;
			children = (
				01E25F0CB4B28123022C6B0F /* Pods-FirebaseChat.debug.xcconfig */,
				C4449EFE77C1DEF43A5C3510 /* Pods-FirebaseChat.release.xcconfig */,
				493DD3C5C60A3F6F78579B4C /* Pods-FirebaseChat-FirebaseChatUITests.debug.xcconfig */,
				8B99CC708F97CA94FD035464 /* Pods-FirebaseChat-FirebaseChatUITests.release.xcconfig */,
				75BC1A87E0AFA8EB9CD620C0 /* Pods-FirebaseChatTests.debug.xcconfig */,
				061A17E9C39969F92F3D3E05 /* Pods-FirebaseChatTests.release.xcconfig */,
			);
			path = Pods;
			sourceTree = "<group>";
		};
		95C1DC06053DDAF41D78CA57 /* Frameworks */ = {
			isa = PBXGroup;
			children = (
				5AB3597F610EAAE2709163A2 /* Pods_FirebaseChat.framework */,
				1E971F3540215847B1B125B6 /* Pods_FirebaseChat_FirebaseChatUITests.framework */,
				B6139ABFA8837F2A7A55F332 /* Pods_FirebaseChatTests.framework */,
			);
			name = Frameworks;
			sourceTree = "<group>";
		};
		B4CE33122A211A8C0081AE7E /* Cell */ = {
			isa = PBXGroup;
			children = (
				B4CE33132A211ABF0081AE7E /* ConversationCell.swift */,
				B461B9E52A25285600C7D86F /* UserCell.swift */,
				B4A292822A324ADC00D0085A /* MessageCell.swift */,
			);
			path = Cell;
			sourceTree = "<group>";
		};
		B4CE33152A211F1F0081AE7E /* Authentication */ = {
			isa = PBXGroup;
			children = (
				B4CE33162A211F380081AE7E /* LoginController.swift */,
				B4CE33182A211F4B0081AE7E /* RegistrationController.swift */,
			);
			path = Authentication;
			sourceTree = "<group>";
		};
		B4D12A2B2A201D4400A7681C = {
			isa = PBXGroup;
			children = (
				B4D12A362A201D4400A7681C /* FirebaseChat */,
				B4D12A4D2A201D4600A7681C /* FirebaseChatTests */,
				B4D12A572A201D4600A7681C /* FirebaseChatUITests */,
				B4D12A352A201D4400A7681C /* Products */,
				7B32A7271F1D0D66D071793F /* Pods */,
				95C1DC06053DDAF41D78CA57 /* Frameworks */,
			);
			sourceTree = "<group>";
		};
		B4D12A352A201D4400A7681C /* Products */ = {
			isa = PBXGroup;
			children = (
				B4D12A342A201D4400A7681C /* FirebaseChat.app */,
				B4D12A4A2A201D4600A7681C /* FirebaseChatTests.xctest */,
				B4D12A542A201D4600A7681C /* FirebaseChatUITests.xctest */,
			);
			name = Products;
			sourceTree = "<group>";
		};
		B4D12A362A201D4400A7681C /* FirebaseChat */ = {
			isa = PBXGroup;
			children = (
				B4D12A6E2A201E9A00A7681C /* API */,
				B4D12A6B2A201E0700A7681C /* Utils */,
				B4D12A6A2A201DF900A7681C /* Model */,
				B4D12A692A201DED00A7681C /* ViewModel */,
				B4D12A682A201DE300A7681C /* View */,
				B4D12A672A201DD100A7681C /* Controller */,
				B4D12A372A201D4400A7681C /* AppDelegate.swift */,
				B4D12A392A201D4400A7681C /* SceneDelegate.swift */,
				B4D12A3B2A201D4400A7681C /* ViewController.swift */,
				B4D12A3D2A201D4400A7681C /* Main.storyboard */,
				B4D12A402A201D4600A7681C /* Assets.xcassets */,
				B4D12A422A201D4600A7681C /* LaunchScreen.storyboard */,
				B476D3C72A227102008242E2 /* GoogleService-Info.plist */,
				B4D12A452A201D4600A7681C /* Info.plist */,
			);
			path = FirebaseChat;
			sourceTree = "<group>";
		};
		B4D12A4D2A201D4600A7681C /* FirebaseChatTests */ = {
			isa = PBXGroup;
			children = (
				B4D12A4E2A201D4600A7681C /* FirebaseChatTests.swift */,
			);
			path = FirebaseChatTests;
			sourceTree = "<group>";
		};
		B4D12A572A201D4600A7681C /* FirebaseChatUITests */ = {
			isa = PBXGroup;
			children = (
				B4D12A582A201D4700A7681C /* FirebaseChatUITests.swift */,
				B4D12A5A2A201D4700A7681C /* FirebaseChatUITestsLaunchTests.swift */,
			);
			path = FirebaseChatUITests;
			sourceTree = "<group>";
		};
		B4D12A672A201DD100A7681C /* Controller */ = {
			isa = PBXGroup;
			children = (
				B4CE33152A211F1F0081AE7E /* Authentication */,
				B4D12A712A201EE800A7681C /* ConversationsController.swift */,
				B461B9E32A2523DE00C7D86F /* NewMessageController.swift */,
				B403FFBB2A3114B600536AE6 /* ChatController.swift */,
			);
			path = Controller;
			sourceTree = "<group>";
		};
		B4D12A682A201DE300A7681C /* View */ = {
			isa = PBXGroup;
			children = (
				B4CE331C2A2122A70081AE7E /* InputContainerView.swift */,
				B4CE331A2A2121ED0081AE7E /* CustomTextField.swift */,
				B4CE33122A211A8C0081AE7E /* Cell */,
				B4D9844C2A3125D600F4D5DE /* CustomInputAccessoryView.swift */,
			);
			path = View;
			sourceTree = "<group>";
		};
		B4D12A692A201DED00A7681C /* ViewModel */ = {
			isa = PBXGroup;
			children = (
				B4CE33202A2127CC0081AE7E /* RegistrationViewModel.swift */,
				B4CE331E2A2127C40081AE7E /* LoginViewModel.swift */,
				B4A292842A3254C400D0085A /* MessageViewModel.swift */,
			);
			path = ViewModel;
			sourceTree = "<group>";
		};
		B4D12A6A2A201DF900A7681C /* Model */ = {
			isa = PBXGroup;
			children = (
				B461B9E72A252D9600C7D86F /* User.swift */,
				B403FFB72A31101E00536AE6 /* Message.swift */,
			);
			path = Model;
			sourceTree = "<group>";
		};
		B4D12A6B2A201E0700A7681C /* Utils */ = {
			isa = PBXGroup;
			children = (
				B4D12A6C2A201E1600A7681C /* Extensions.swift */,
				B403FFB92A31124300536AE6 /* Constants.swift */,
			);
			path = Utils;
			sourceTree = "<group>";
		};
		B4D12A6E2A201E9A00A7681C /* API */ = {
			isa = PBXGroup;
			children = (
				B47D7FE62A22BC9700C6DEFA /* AuthService.swift */,
				B461B9E92A252E2800C7D86F /* Service.swift */,
			);
			path = API;
			sourceTree = "<group>";
		};
/* End PBXGroup section */

/* Begin PBXNativeTarget section */
		B4D12A332A201D4400A7681C /* FirebaseChat */ = {
			isa = PBXNativeTarget;
			buildConfigurationList = B4D12A5E2A201D4700A7681C /* Build configuration list for PBXNativeTarget "FirebaseChat" */;
			buildPhases = (
				4317A1D56789D7042CE60062 /* [CP] Check Pods Manifest.lock */,
				B4D12A302A201D4400A7681C /* Sources */,
				B4D12A312A201D4400A7681C /* Frameworks */,
				B4D12A322A201D4400A7681C /* Resources */,
				70611016E657163AC731FEF3 /* [CP] Embed Pods Frameworks */,
			);
			buildRules = (
			);
			dependencies = (
			);
			name = FirebaseChat;
			productName = FirebaseChat;
			productReference = B4D12A342A201D4400A7681C /* FirebaseChat.app */;
			productType = "com.apple.product-type.application";
		};
		B4D12A492A201D4600A7681C /* FirebaseChatTests */ = {
			isa = PBXNativeTarget;
			buildConfigurationList = B4D12A612A201D4700A7681C /* Build configuration list for PBXNativeTarget "FirebaseChatTests" */;
			buildPhases = (
				7541E4937A13E72C156B3B14 /* [CP] Check Pods Manifest.lock */,
				B4D12A462A201D4600A7681C /* Sources */,
				B4D12A472A201D4600A7681C /* Frameworks */,
				B4D12A482A201D4600A7681C /* Resources */,
			);
			buildRules = (
			);
			dependencies = (
				B4D12A4C2A201D4600A7681C /* PBXTargetDependency */,
			);
			name = FirebaseChatTests;
			productName = FirebaseChatTests;
			productReference = B4D12A4A2A201D4600A7681C /* FirebaseChatTests.xctest */;
			productType = "com.apple.product-type.bundle.unit-test";
		};
		B4D12A532A201D4600A7681C /* FirebaseChatUITests */ = {
			isa = PBXNativeTarget;
			buildConfigurationList = B4D12A642A201D4700A7681C /* Build configuration list for PBXNativeTarget "FirebaseChatUITests" */;
			buildPhases = (
				D2B106683EEF4895F8E8242C /* [CP] Check Pods Manifest.lock */,
				B4D12A502A201D4600A7681C /* Sources */,
				B4D12A512A201D4600A7681C /* Frameworks */,
				B4D12A522A201D4600A7681C /* Resources */,
				BA6B30B2E42AD7E4A768A120 /* [CP] Embed Pods Frameworks */,
			);
			buildRules = (
			);
			dependencies = (
				B4D12A562A201D4600A7681C /* PBXTargetDependency */,
			);
			name = FirebaseChatUITests;
			productName = FirebaseChatUITests;
			productReference = B4D12A542A201D4600A7681C /* FirebaseChatUITests.xctest */;
			productType = "com.apple.product-type.bundle.ui-testing";
		};
/* End PBXNativeTarget section */

/* Begin PBXProject section */
		B4D12A2C2A201D4400A7681C /* Project object */ = {
			isa = PBXProject;
			attributes = {
				BuildIndependentTargetsInParallel = 1;
				LastSwiftUpdateCheck = 1430;
				LastUpgradeCheck = 1430;
				TargetAttributes = {
					B4D12A332A201D4400A7681C = {
						CreatedOnToolsVersion = 14.3;
					};
					B4D12A492A201D4600A7681C = {
						CreatedOnToolsVersion = 14.3;
						TestTargetID = B4D12A332A201D4400A7681C;
					};
					B4D12A532A201D4600A7681C = {
						CreatedOnToolsVersion = 14.3;
						TestTargetID = B4D12A332A201D4400A7681C;
					};
				};
			};
			buildConfigurationList = B4D12A2F2A201D4400A7681C /* Build configuration list for PBXProject "FirebaseChat" */;
			compatibilityVersion = "Xcode 14.0";
			developmentRegion = en;
			hasScannedForEncodings = 0;
			knownRegions = (
				en,
				Base,
			);
			mainGroup = B4D12A2B2A201D4400A7681C;
			productRefGroup = B4D12A352A201D4400A7681C /* Products */;
			projectDirPath = "";
			projectRoot = "";
			targets = (
				B4D12A332A201D4400A7681C /* FirebaseChat */,
				B4D12A492A201D4600A7681C /* FirebaseChatTests */,
				B4D12A532A201D4600A7681C /* FirebaseChatUITests */,
			);
		};
/* End PBXProject section */

/* Begin PBXResourcesBuildPhase section */
		B4D12A322A201D4400A7681C /* Resources */ = {
			isa = PBXResourcesBuildPhase;
			buildActionMask = 2147483647;
			files = (
				B4D12A442A201D4600A7681C /* LaunchScreen.storyboard in Resources */,
				B4D12A412A201D4600A7681C /* Assets.xcassets in Resources */,
				B476D3C82A227102008242E2 /* GoogleService-Info.plist in Resources */,
				B4D12A3F2A201D4400A7681C /* Main.storyboard in Resources */,
			);
			runOnlyForDeploymentPostprocessing = 0;
		};
		B4D12A482A201D4600A7681C /* Resources */ = {
			isa = PBXResourcesBuildPhase;
			buildActionMask = 2147483647;
			files = (
			);
			runOnlyForDeploymentPostprocessing = 0;
		};
		B4D12A522A201D4600A7681C /* Resources */ = {
			isa = PBXResourcesBuildPhase;
			buildActionMask = 2147483647;
			files = (
			);
			runOnlyForDeploymentPostprocessing = 0;
		};
/* End PBXResourcesBuildPhase section */

/* Begin PBXShellScriptBuildPhase section */
		4317A1D56789D7042CE60062 /* [CP] Check Pods Manifest.lock */ = {
			isa = PBXShellScriptBuildPhase;
			buildActionMask = 2147483647;
			files = (
			);
			inputFileListPaths = (
			);
			inputPaths = (
				"${PODS_PODFILE_DIR_PATH}/Podfile.lock",
				"${PODS_ROOT}/Manifest.lock",
			);
			name = "[CP] Check Pods Manifest.lock";
			outputFileListPaths = (
			);
			outputPaths = (
				"$(DERIVED_FILE_DIR)/Pods-FirebaseChat-checkManifestLockResult.txt",
			);
			runOnlyForDeploymentPostprocessing = 0;
			shellPath = /bin/sh;
			shellScript = "diff \"${PODS_PODFILE_DIR_PATH}/Podfile.lock\" \"${PODS_ROOT}/Manifest.lock\" > /dev/null\nif [ $? != 0 ] ; then\n    # print error to STDERR\n    echo \"error: The sandbox is not in sync with the Podfile.lock. Run 'pod install' or update your CocoaPods installation.\" >&2\n    exit 1\nfi\n# This output is used by Xcode 'outputs' to avoid re-running this script phase.\necho \"SUCCESS\" > \"${SCRIPT_OUTPUT_FILE_0}\"\n";
			showEnvVarsInLog = 0;
		};
		70611016E657163AC731FEF3 /* [CP] Embed Pods Frameworks */ = {
			isa = PBXShellScriptBuildPhase;
			buildActionMask = 2147483647;
			files = (
			);
			inputFileListPaths = (
				"${PODS_ROOT}/Target Support Files/Pods-FirebaseChat/Pods-FirebaseChat-frameworks-${CONFIGURATION}-input-files.xcfilelist",
			);
			name = "[CP] Embed Pods Frameworks";
			outputFileListPaths = (
				"${PODS_ROOT}/Target Support Files/Pods-FirebaseChat/Pods-FirebaseChat-frameworks-${CONFIGURATION}-output-files.xcfilelist",
			);
			runOnlyForDeploymentPostprocessing = 0;
			shellPath = /bin/sh;
			shellScript = "\"${PODS_ROOT}/Target Support Files/Pods-FirebaseChat/Pods-FirebaseChat-frameworks.sh\"\n";
			showEnvVarsInLog = 0;
		};
		7541E4937A13E72C156B3B14 /* [CP] Check Pods Manifest.lock */ = {
			isa = PBXShellScriptBuildPhase;
			buildActionMask = 2147483647;
			files = (
			);
			inputFileListPaths = (
			);
			inputPaths = (
				"${PODS_PODFILE_DIR_PATH}/Podfile.lock",
				"${PODS_ROOT}/Manifest.lock",
			);
			name = "[CP] Check Pods Manifest.lock";
			outputFileListPaths = (
			);
			outputPaths = (
				"$(DERIVED_FILE_DIR)/Pods-FirebaseChatTests-checkManifestLockResult.txt",
			);
			runOnlyForDeploymentPostprocessing = 0;
			shellPath = /bin/sh;
			shellScript = "diff \"${PODS_PODFILE_DIR_PATH}/Podfile.lock\" \"${PODS_ROOT}/Manifest.lock\" > /dev/null\nif [ $? != 0 ] ; then\n    # print error to STDERR\n    echo \"error: The sandbox is not in sync with the Podfile.lock. Run 'pod install' or update your CocoaPods installation.\" >&2\n    exit 1\nfi\n# This output is used by Xcode 'outputs' to avoid re-running this script phase.\necho \"SUCCESS\" > \"${SCRIPT_OUTPUT_FILE_0}\"\n";
			showEnvVarsInLog = 0;
		};
		BA6B30B2E42AD7E4A768A120 /* [CP] Embed Pods Frameworks */ = {
			isa = PBXShellScriptBuildPhase;
			buildActionMask = 2147483647;
			files = (
			);
			inputFileListPaths = (
				"${PODS_ROOT}/Target Support Files/Pods-FirebaseChat-FirebaseChatUITests/Pods-FirebaseChat-FirebaseChatUITests-frameworks-${CONFIGURATION}-input-files.xcfilelist",
			);
			name = "[CP] Embed Pods Frameworks";
			outputFileListPaths = (
				"${PODS_ROOT}/Target Support Files/Pods-FirebaseChat-FirebaseChatUITests/Pods-FirebaseChat-FirebaseChatUITests-frameworks-${CONFIGURATION}-output-files.xcfilelist",
			);
			runOnlyForDeploymentPostprocessing = 0;
			shellPath = /bin/sh;
			shellScript = "\"${PODS_ROOT}/Target Support Files/Pods-FirebaseChat-FirebaseChatUITests/Pods-FirebaseChat-FirebaseChatUITests-frameworks.sh\"\n";
			showEnvVarsInLog = 0;
		};
		D2B106683EEF4895F8E8242C /* [CP] Check Pods Manifest.lock */ = {
			isa = PBXShellScriptBuildPhase;
			buildActionMask = 2147483647;
			files = (
			);
			inputFileListPaths = (
			);
			inputPaths = (
				"${PODS_PODFILE_DIR_PATH}/Podfile.lock",
				"${PODS_ROOT}/Manifest.lock",
			);
			name = "[CP] Check Pods Manifest.lock";
			outputFileListPaths = (
			);
			outputPaths = (
				"$(DERIVED_FILE_DIR)/Pods-FirebaseChat-FirebaseChatUITests-checkManifestLockResult.txt",
			);
			runOnlyForDeploymentPostprocessing = 0;
			shellPath = /bin/sh;
			shellScript = "diff \"${PODS_PODFILE_DIR_PATH}/Podfile.lock\" \"${PODS_ROOT}/Manifest.lock\" > /dev/null\nif [ $? != 0 ] ; then\n    # print error to STDERR\n    echo \"error: The sandbox is not in sync with the Podfile.lock. Run 'pod install' or update your CocoaPods installation.\" >&2\n    exit 1\nfi\n# This output is used by Xcode 'outputs' to avoid re-running this script phase.\necho \"SUCCESS\" > \"${SCRIPT_OUTPUT_FILE_0}\"\n";
			showEnvVarsInLog = 0;
		};
/* End PBXShellScriptBuildPhase section */

/* Begin PBXSourcesBuildPhase section */
		B4D12A302A201D4400A7681C /* Sources */ = {
			isa = PBXSourcesBuildPhase;
			buildActionMask = 2147483647;
			files = (
				B4D12A3C2A201D4400A7681C /* ViewController.swift in Sources */,
				B403FFBA2A31124300536AE6 /* Constants.swift in Sources */,
				B4D9844D2A3125D600F4D5DE /* CustomInputAccessoryView.swift in Sources */,
				B4CE33212A2127CC0081AE7E /* RegistrationViewModel.swift in Sources */,
				B403FFBC2A3114B600536AE6 /* ChatController.swift in Sources */,
				B4D12A382A201D4400A7681C /* AppDelegate.swift in Sources */,
				B403FFB82A31101E00536AE6 /* Message.swift in Sources */,
				B4CE331F2A2127C40081AE7E /* LoginViewModel.swift in Sources */,
				B461B9E82A252D9600C7D86F /* User.swift in Sources */,
				B461B9E42A2523DE00C7D86F /* NewMessageController.swift in Sources */,
				B4CE33142A211ABF0081AE7E /* ConversationCell.swift in Sources */,
				B4A292832A324ADC00D0085A /* MessageCell.swift in Sources */,
				B4D12A722A201EE800A7681C /* ConversationsController.swift in Sources */,
				B47D7FE72A22BC9700C6DEFA /* AuthService.swift in Sources */,
				B461B9E62A25285600C7D86F /* UserCell.swift in Sources */,
				B4D12A3A2A201D4400A7681C /* SceneDelegate.swift in Sources */,
				B461B9EA2A252E2800C7D86F /* Service.swift in Sources */,
				B4D12A6D2A201E1600A7681C /* Extensions.swift in Sources */,
				B4CE33192A211F4B0081AE7E /* RegistrationController.swift in Sources */,
				B4CE33172A211F380081AE7E /* LoginController.swift in Sources */,
				B4CE331B2A2121ED0081AE7E /* CustomTextField.swift in Sources */,
				B4CE331D2A2122A70081AE7E /* InputContainerView.swift in Sources */,
				B4A292852A3254C400D0085A /* MessageViewModel.swift in Sources */,
			);
			runOnlyForDeploymentPostprocessing = 0;
		};
		B4D12A462A201D4600A7681C /* Sources */ = {
			isa = PBXSourcesBuildPhase;
			buildActionMask = 2147483647;
			files = (
				B4D12A4F2A201D4600A7681C /* FirebaseChatTests.swift in Sources */,
			);
			runOnlyForDeploymentPostprocessing = 0;
		};
		B4D12A502A201D4600A7681C /* Sources */ = {
			isa = PBXSourcesBuildPhase;
			buildActionMask = 2147483647;
			files = (
				B4D12A592A201D4700A7681C /* FirebaseChatUITests.swift in Sources */,
				B4D12A5B2A201D4700A7681C /* FirebaseChatUITestsLaunchTests.swift in Sources */,
			);
			runOnlyForDeploymentPostprocessing = 0;
		};
/* End PBXSourcesBuildPhase section */

/* Begin PBXTargetDependency section */
		B4D12A4C2A201D4600A7681C /* PBXTargetDependency */ = {
			isa = PBXTargetDependency;
			target = B4D12A332A201D4400A7681C /* FirebaseChat */;
			targetProxy = B4D12A4B2A201D4600A7681C /* PBXContainerItemProxy */;
		};
		B4D12A562A201D4600A7681C /* PBXTargetDependency */ = {
			isa = PBXTargetDependency;
			target = B4D12A332A201D4400A7681C /* FirebaseChat */;
			targetProxy = B4D12A552A201D4600A7681C /* PBXContainerItemProxy */;
		};
/* End PBXTargetDependency section */

/* Begin PBXVariantGroup section */
		B4D12A3D2A201D4400A7681C /* Main.storyboard */ = {
			isa = PBXVariantGroup;
			children = (
				B4D12A3E2A201D4400A7681C /* Base */,
			);
			name = Main.storyboard;
			sourceTree = "<group>";
		};
		B4D12A422A201D4600A7681C /* LaunchScreen.storyboard */ = {
			isa = PBXVariantGroup;
			children = (
				B4D12A432A201D4600A7681C /* Base */,
			);
			name = LaunchScreen.storyboard;
			sourceTree = "<group>";
		};
/* End PBXVariantGroup section */

/* Begin XCBuildConfiguration section */
		B4D12A5C2A201D4700A7681C /* Debug */ = {
			isa = XCBuildConfiguration;
			buildSettings = {
				ALWAYS_SEARCH_USER_PATHS = NO;
				CLANG_ANALYZER_NONNULL = YES;
				CLANG_ANALYZER_NUMBER_OBJECT_CONVERSION = YES_AGGRESSIVE;
				CLANG_CXX_LANGUAGE_STANDARD = "gnu++20";
				CLANG_ENABLE_MODULES = YES;
				CLANG_ENABLE_OBJC_ARC = YES;
				CLANG_ENABLE_OBJC_WEAK = YES;
				CLANG_WARN_BLOCK_CAPTURE_AUTORELEASING = YES;
				CLANG_WARN_BOOL_CONVERSION = YES;
				CLANG_WARN_COMMA = YES;
				CLANG_WARN_CONSTANT_CONVERSION = YES;
				CLANG_WARN_DEPRECATED_OBJC_IMPLEMENTATIONS = YES;
				CLANG_WARN_DIRECT_OBJC_ISA_USAGE = YES_ERROR;
				CLANG_WARN_DOCUMENTATION_COMMENTS = YES;
				CLANG_WARN_EMPTY_BODY = YES;
				CLANG_WARN_ENUM_CONVERSION = YES;
				CLANG_WARN_INFINITE_RECURSION = YES;
				CLANG_WARN_INT_CONVERSION = YES;
				CLANG_WARN_NON_LITERAL_NULL_CONVERSION = YES;
				CLANG_WARN_OBJC_IMPLICIT_RETAIN_SELF = YES;
				CLANG_WARN_OBJC_LITERAL_CONVERSION = YES;
				CLANG_WARN_OBJC_ROOT_CLASS = YES_ERROR;
				CLANG_WARN_QUOTED_INCLUDE_IN_FRAMEWORK_HEADER = YES;
				CLANG_WARN_RANGE_LOOP_ANALYSIS = YES;
				CLANG_WARN_STRICT_PROTOTYPES = YES;
				CLANG_WARN_SUSPICIOUS_MOVE = YES;
				CLANG_WARN_UNGUARDED_AVAILABILITY = YES_AGGRESSIVE;
				CLANG_WARN_UNREACHABLE_CODE = YES;
				CLANG_WARN__DUPLICATE_METHOD_MATCH = YES;
				COPY_PHASE_STRIP = NO;
				DEBUG_INFORMATION_FORMAT = dwarf;
				ENABLE_STRICT_OBJC_MSGSEND = YES;
				ENABLE_TESTABILITY = YES;
				GCC_C_LANGUAGE_STANDARD = gnu11;
				GCC_DYNAMIC_NO_PIC = NO;
				GCC_NO_COMMON_BLOCKS = YES;
				GCC_OPTIMIZATION_LEVEL = 0;
				GCC_PREPROCESSOR_DEFINITIONS = (
					"DEBUG=1",
					"$(inherited)",
				);
				GCC_WARN_64_TO_32_BIT_CONVERSION = YES;
				GCC_WARN_ABOUT_RETURN_TYPE = YES_ERROR;
				GCC_WARN_UNDECLARED_SELECTOR = YES;
				GCC_WARN_UNINITIALIZED_AUTOS = YES_AGGRESSIVE;
				GCC_WARN_UNUSED_FUNCTION = YES;
				GCC_WARN_UNUSED_VARIABLE = YES;
				IPHONEOS_DEPLOYMENT_TARGET = 16.4;
				MTL_ENABLE_DEBUG_INFO = INCLUDE_SOURCE;
				MTL_FAST_MATH = YES;
				ONLY_ACTIVE_ARCH = YES;
				SDKROOT = iphoneos;
				SWIFT_ACTIVE_COMPILATION_CONDITIONS = DEBUG;
				SWIFT_OPTIMIZATION_LEVEL = "-Onone";
			};
			name = Debug;
		};
		B4D12A5D2A201D4700A7681C /* Release */ = {
			isa = XCBuildConfiguration;
			buildSettings = {
				ALWAYS_SEARCH_USER_PATHS = NO;
				CLANG_ANALYZER_NONNULL = YES;
				CLANG_ANALYZER_NUMBER_OBJECT_CONVERSION = YES_AGGRESSIVE;
				CLANG_CXX_LANGUAGE_STANDARD = "gnu++20";
				CLANG_ENABLE_MODULES = YES;
				CLANG_ENABLE_OBJC_ARC = YES;
				CLANG_ENABLE_OBJC_WEAK = YES;
				CLANG_WARN_BLOCK_CAPTURE_AUTORELEASING = YES;
				CLANG_WARN_BOOL_CONVERSION = YES;
				CLANG_WARN_COMMA = YES;
				CLANG_WARN_CONSTANT_CONVERSION = YES;
				CLANG_WARN_DEPRECATED_OBJC_IMPLEMENTATIONS = YES;
				CLANG_WARN_DIRECT_OBJC_ISA_USAGE = YES_ERROR;
				CLANG_WARN_DOCUMENTATION_COMMENTS = YES;
				CLANG_WARN_EMPTY_BODY = YES;
				CLANG_WARN_ENUM_CONVERSION = YES;
				CLANG_WARN_INFINITE_RECURSION = YES;
				CLANG_WARN_INT_CONVERSION = YES;
				CLANG_WARN_NON_LITERAL_NULL_CONVERSION = YES;
				CLANG_WARN_OBJC_IMPLICIT_RETAIN_SELF = YES;
				CLANG_WARN_OBJC_LITERAL_CONVERSION = YES;
				CLANG_WARN_OBJC_ROOT_CLASS = YES_ERROR;
				CLANG_WARN_QUOTED_INCLUDE_IN_FRAMEWORK_HEADER = YES;
				CLANG_WARN_RANGE_LOOP_ANALYSIS = YES;
				CLANG_WARN_STRICT_PROTOTYPES = YES;
				CLANG_WARN_SUSPICIOUS_MOVE = YES;
				CLANG_WARN_UNGUARDED_AVAILABILITY = YES_AGGRESSIVE;
				CLANG_WARN_UNREACHABLE_CODE = YES;
				CLANG_WARN__DUPLICATE_METHOD_MATCH = YES;
				COPY_PHASE_STRIP = NO;
				DEBUG_INFORMATION_FORMAT = "dwarf-with-dsym";
				ENABLE_NS_ASSERTIONS = NO;
				ENABLE_STRICT_OBJC_MSGSEND = YES;
				GCC_C_LANGUAGE_STANDARD = gnu11;
				GCC_NO_COMMON_BLOCKS = YES;
				GCC_WARN_64_TO_32_BIT_CONVERSION = YES;
				GCC_WARN_ABOUT_RETURN_TYPE = YES_ERROR;
				GCC_WARN_UNDECLARED_SELECTOR = YES;
				GCC_WARN_UNINITIALIZED_AUTOS = YES_AGGRESSIVE;
				GCC_WARN_UNUSED_FUNCTION = YES;
				GCC_WARN_UNUSED_VARIABLE = YES;
				IPHONEOS_DEPLOYMENT_TARGET = 16.4;
				MTL_ENABLE_DEBUG_INFO = NO;
				MTL_FAST_MATH = YES;
				SDKROOT = iphoneos;
				SWIFT_COMPILATION_MODE = wholemodule;
				SWIFT_OPTIMIZATION_LEVEL = "-O";
				VALIDATE_PRODUCT = YES;
			};
			name = Release;
		};
		B4D12A5F2A201D4700A7681C /* Debug */ = {
			isa = XCBuildConfiguration;
			baseConfigurationReference = 01E25F0CB4B28123022C6B0F /* Pods-FirebaseChat.debug.xcconfig */;
			buildSettings = {
				ASSETCATALOG_COMPILER_APPICON_NAME = AppIcon;
				ASSETCATALOG_COMPILER_GLOBAL_ACCENT_COLOR_NAME = AccentColor;
				CODE_SIGN_STYLE = Automatic;
				CURRENT_PROJECT_VERSION = 1;
				DEVELOPMENT_TEAM = 7M226WNK72;
				GENERATE_INFOPLIST_FILE = YES;
				INFOPLIST_FILE = FirebaseChat/Info.plist;
				INFOPLIST_KEY_UIApplicationSupportsIndirectInputEvents = YES;
				INFOPLIST_KEY_UILaunchStoryboardName = LaunchScreen;
				INFOPLIST_KEY_UIMainStoryboardFile = Main;
				INFOPLIST_KEY_UISupportedInterfaceOrientations = UIInterfaceOrientationPortrait;
				INFOPLIST_KEY_UISupportedInterfaceOrientations_iPad = "UIInterfaceOrientationPortrait UIInterfaceOrientationPortraitUpsideDown";
				IPHONEOS_DEPLOYMENT_TARGET = 15.5;
				LD_RUNPATH_SEARCH_PATHS = (
					"$(inherited)",
					"@executable_path/Frameworks",
				);
				MARKETING_VERSION = 1.0;
				PRODUCT_BUNDLE_IDENTIFIER = com.MuriTech.FirebaseChat;
				PRODUCT_NAME = "$(TARGET_NAME)";
				SWIFT_EMIT_LOC_STRINGS = YES;
				SWIFT_VERSION = 5.0;
				TARGETED_DEVICE_FAMILY = "1,2";
			};
			name = Debug;
		};
		B4D12A602A201D4700A7681C /* Release */ = {
			isa = XCBuildConfiguration;
			baseConfigurationReference = C4449EFE77C1DEF43A5C3510 /* Pods-FirebaseChat.release.xcconfig */;
			buildSettings = {
				ASSETCATALOG_COMPILER_APPICON_NAME = AppIcon;
				ASSETCATALOG_COMPILER_GLOBAL_ACCENT_COLOR_NAME = AccentColor;
				CODE_SIGN_STYLE = Automatic;
				CURRENT_PROJECT_VERSION = 1;
				DEVELOPMENT_TEAM = 7M226WNK72;
				GENERATE_INFOPLIST_FILE = YES;
				INFOPLIST_FILE = FirebaseChat/Info.plist;
				INFOPLIST_KEY_UIApplicationSupportsIndirectInputEvents = YES;
				INFOPLIST_KEY_UILaunchStoryboardName = LaunchScreen;
				INFOPLIST_KEY_UIMainStoryboardFile = Main;
				INFOPLIST_KEY_UISupportedInterfaceOrientations = UIInterfaceOrientationPortrait;
				INFOPLIST_KEY_UISupportedInterfaceOrientations_iPad = "UIInterfaceOrientationPortrait UIInterfaceOrientationPortraitUpsideDown";
				IPHONEOS_DEPLOYMENT_TARGET = 15.5;
				LD_RUNPATH_SEARCH_PATHS = (
					"$(inherited)",
					"@executable_path/Frameworks",
				);
				MARKETING_VERSION = 1.0;
				PRODUCT_BUNDLE_IDENTIFIER = com.MuriTech.FirebaseChat;
				PRODUCT_NAME = "$(TARGET_NAME)";
				SWIFT_EMIT_LOC_STRINGS = YES;
				SWIFT_VERSION = 5.0;
				TARGETED_DEVICE_FAMILY = "1,2";
			};
			name = Release;
		};
		B4D12A622A201D4700A7681C /* Debug */ = {
			isa = XCBuildConfiguration;
			baseConfigurationReference = 75BC1A87E0AFA8EB9CD620C0 /* Pods-FirebaseChatTests.debug.xcconfig */;
			buildSettings = {
				ALWAYS_EMBED_SWIFT_STANDARD_LIBRARIES = YES;
				BUNDLE_LOADER = "$(TEST_HOST)";
				CODE_SIGN_STYLE = Automatic;
				CURRENT_PROJECT_VERSION = 1;
				DEVELOPMENT_TEAM = 7M226WNK72;
				GENERATE_INFOPLIST_FILE = YES;
				IPHONEOS_DEPLOYMENT_TARGET = 16.4;
				MARKETING_VERSION = 1.0;
				PRODUCT_BUNDLE_IDENTIFIER = com.MuriTech.FirebaseChatTests;
				PRODUCT_NAME = "$(TARGET_NAME)";
				SWIFT_EMIT_LOC_STRINGS = NO;
				SWIFT_VERSION = 5.0;
				TARGETED_DEVICE_FAMILY = "1,2";
				TEST_HOST = "$(BUILT_PRODUCTS_DIR)/FirebaseChat.app/$(BUNDLE_EXECUTABLE_FOLDER_PATH)/FirebaseChat";
			};
			name = Debug;
		};
		B4D12A632A201D4700A7681C /* Release */ = {
			isa = XCBuildConfiguration;
			baseConfigurationReference = 061A17E9C39969F92F3D3E05 /* Pods-FirebaseChatTests.release.xcconfig */;
			buildSettings = {
				ALWAYS_EMBED_SWIFT_STANDARD_LIBRARIES = YES;
				BUNDLE_LOADER = "$(TEST_HOST)";
				CODE_SIGN_STYLE = Automatic;
				CURRENT_PROJECT_VERSION = 1;
				DEVELOPMENT_TEAM = 7M226WNK72;
				GENERATE_INFOPLIST_FILE = YES;
				IPHONEOS_DEPLOYMENT_TARGET = 16.4;
				MARKETING_VERSION = 1.0;
				PRODUCT_BUNDLE_IDENTIFIER = com.MuriTech.FirebaseChatTests;
				PRODUCT_NAME = "$(TARGET_NAME)";
				SWIFT_EMIT_LOC_STRINGS = NO;
				SWIFT_VERSION = 5.0;
				TARGETED_DEVICE_FAMILY = "1,2";
				TEST_HOST = "$(BUILT_PRODUCTS_DIR)/FirebaseChat.app/$(BUNDLE_EXECUTABLE_FOLDER_PATH)/FirebaseChat";
			};
			name = Release;
		};
		B4D12A652A201D4700A7681C /* Debug */ = {
			isa = XCBuildConfiguration;
			baseConfigurationReference = 493DD3C5C60A3F6F78579B4C /* Pods-FirebaseChat-FirebaseChatUITests.debug.xcconfig */;
			buildSettings = {
				ALWAYS_EMBED_SWIFT_STANDARD_LIBRARIES = YES;
				CODE_SIGN_STYLE = Automatic;
				CURRENT_PROJECT_VERSION = 1;
				DEVELOPMENT_TEAM = 7M226WNK72;
				GENERATE_INFOPLIST_FILE = YES;
				MARKETING_VERSION = 1.0;
				PRODUCT_BUNDLE_IDENTIFIER = com.MuriTech.FirebaseChatUITests;
				PRODUCT_NAME = "$(TARGET_NAME)";
				SWIFT_EMIT_LOC_STRINGS = NO;
				SWIFT_VERSION = 5.0;
				TARGETED_DEVICE_FAMILY = "1,2";
				TEST_TARGET_NAME = FirebaseChat;
			};
			name = Debug;
		};
		B4D12A662A201D4700A7681C /* Release */ = {
			isa = XCBuildConfiguration;
			baseConfigurationReference = 8B99CC708F97CA94FD035464 /* Pods-FirebaseChat-FirebaseChatUITests.release.xcconfig */;
			buildSettings = {
				ALWAYS_EMBED_SWIFT_STANDARD_LIBRARIES = YES;
				CODE_SIGN_STYLE = Automatic;
				CURRENT_PROJECT_VERSION = 1;
				DEVELOPMENT_TEAM = 7M226WNK72;
				GENERATE_INFOPLIST_FILE = YES;
				MARKETING_VERSION = 1.0;
				PRODUCT_BUNDLE_IDENTIFIER = com.MuriTech.FirebaseChatUITests;
				PRODUCT_NAME = "$(TARGET_NAME)";
				SWIFT_EMIT_LOC_STRINGS = NO;
				SWIFT_VERSION = 5.0;
				TARGETED_DEVICE_FAMILY = "1,2";
				TEST_TARGET_NAME = FirebaseChat;
			};
			name = Release;
		};
/* End XCBuildConfiguration section */

/* Begin XCConfigurationList section */
		B4D12A2F2A201D4400A7681C /* Build configuration list for PBXProject "FirebaseChat" */ = {
			isa = XCConfigurationList;
			buildConfigurations = (
				B4D12A5C2A201D4700A7681C /* Debug */,
				B4D12A5D2A201D4700A7681C /* Release */,
			);
			defaultConfigurationIsVisible = 0;
			defaultConfigurationName = Release;
		};
		B4D12A5E2A201D4700A7681C /* Build configuration list for PBXNativeTarget "FirebaseChat" */ = {
			isa = XCConfigurationList;
			buildConfigurations = (
				B4D12A5F2A201D4700A7681C /* Debug */,
				B4D12A602A201D4700A7681C /* Release */,
			);
			defaultConfigurationIsVisible = 0;
			defaultConfigurationName = Release;
		};
		B4D12A612A201D4700A7681C /* Build configuration list for PBXNativeTarget "FirebaseChatTests" */ = {
			isa = XCConfigurationList;
			buildConfigurations = (
				B4D12A622A201D4700A7681C /* Debug */,
				B4D12A632A201D4700A7681C /* Release */,
			);
			defaultConfigurationIsVisible = 0;
			defaultConfigurationName = Release;
		};
		B4D12A642A201D4700A7681C /* Build configuration list for PBXNativeTarget "FirebaseChatUITests" */ = {
			isa = XCConfigurationList;
			buildConfigurations = (
				B4D12A652A201D4700A7681C /* Debug */,
				B4D12A662A201D4700A7681C /* Release */,
			);
			defaultConfigurationIsVisible = 0;
			defaultConfigurationName = Release;
		};
/* End XCConfigurationList section */
	};
	rootObject = B4D12A2C2A201D4400A7681C /* Project object */;
}
